
Microsoft Visual Studio Solution File, Format Version 11.00
# Visual Studio 2010
# SharpDevelop 5.1
Project("{FAE04EC0-301F-11D3-BF4B-00C04F79EFBC}") = "Materi Pertemuan 4", "Materi Pertemuan 4\Materi Pertemuan 4.csproj", "{29E4524B-283F-408B-B4F4-4498C198AE73}"
EndProject
Global
	GlobalSection(SolutionConfigurationPlatforms) = preSolution
		Debug|Any CPU = Debug|Any CPU
		Release|Any CPU = Release|Any CPU
	EndGlobalSection
	GlobalSection(ProjectConfigurationPlatforms) = postSolution
		{29E4524B-283F-408B-B4F4-4498C198AE73}.Debug|Any CPU.ActiveCfg = Debug|Any CPU
		{29E4524B-283F-408B-B4F4-4498C198AE73}.Debug|Any CPU.Build.0 = Debug|Any CPU
		{29E4524B-283F-408B-B4F4-4498C198AE73}.Release|Any CPU.ActiveCfg = Release|Any CPU
		{29E4524B-283F-408B-B4F4-4498C198AE73}.Release|Any CPU.Build.0 = Release|Any CPU
	EndGlobalSection
EndGlobal
