
Microsoft Visual Studio Solution File, Format Version 11.00
# Visual Studio 2010
# SharpDevelop 5.1
Project("{FAE04EC0-301F-11D3-BF4B-00C04F79EFBC}") = "tugas2_Andri Hasudungan_201401036", "tugas2_Andri Hasudungan_201401036\tugas2_Andri Hasudungan_201401036.csproj", "{61A29166-CC65-42F3-B395-76D302EE86CA}"
EndProject
Global
	GlobalSection(SolutionConfigurationPlatforms) = preSolution
		Debug|Any CPU = Debug|Any CPU
		Release|Any CPU = Release|Any CPU
	EndGlobalSection
	GlobalSection(ProjectConfigurationPlatforms) = postSolution
		{61A29166-CC65-42F3-B395-76D302EE86CA}.Debug|Any CPU.ActiveCfg = Debug|Any CPU
		{61A29166-CC65-42F3-B395-76D302EE86CA}.Debug|Any CPU.Build.0 = Debug|Any CPU
		{61A29166-CC65-42F3-B395-76D302EE86CA}.Release|Any CPU.ActiveCfg = Release|Any CPU
		{61A29166-CC65-42F3-B395-76D302EE86CA}.Release|Any CPU.Build.0 = Release|Any CPU
	EndGlobalSection
EndGlobal
